
Microsoft Visual Studio Solution File, Format Version 12.00
# Visual Studio 15
VisualStudioVersion = 15.0.33403.129
MinimumVisualStudioVersion = 10.0.40219.1
Project("{FAE04EC0-301F-11D3-BF4B-00C04F79EFBC}") = "GoogleDriveManipulator", "GoogleDriveManipulator.csproj", "{13DBA17C-3EA4-455E-84AF-C25EE2D5B0D7}"
EndProject
Global
	GlobalSection(SolutionConfigurationPlatforms) = preSolution
		Debug|Any CPU = Debug|Any CPU
		Release|Any CPU = Release|Any CPU
	EndGlobalSection
	GlobalSection(ProjectConfigurationPlatforms) = postSolution
		{13DBA17C-3EA4-455E-84AF-C25EE2D5B0D7}.Debug|Any CPU.ActiveCfg = Debug|Any CPU
		{13DBA17C-3EA4-455E-84AF-C25EE2D5B0D7}.Debug|Any CPU.Build.0 = Debug|Any CPU
		{13DBA17C-3EA4-455E-84AF-C25EE2D5B0D7}.Release|Any CPU.ActiveCfg = Release|Any CPU
		{13DBA17C-3EA4-455E-84AF-C25EE2D5B0D7}.Release|Any CPU.Build.0 = Release|Any CPU
	EndGlobalSection
	GlobalSection(SolutionProperties) = preSolution
		HideSolutionNode = FALSE
	EndGlobalSection
	GlobalSection(ExtensibilityGlobals) = postSolution
		SolutionGuid = {AAECC25C-0A5C-4F5A-9C57-AEC61A7BBEC0}
	EndGlobalSection
EndGlobal
